version: v2
locks:
  f/cleanup_voices/analyze_unused_voices: 4c274bac831fb5c075548132e07d5d615f648501fc0134b047e6cd8dd43f2e9c
  f/cleanup_voices/approve_deletion: 5ffa5020f69f9251a532e553191a9b70022a74571a4ca2a4e7fa71c88af79e37
  f/cleanup_voices/cleanup_voices.flow+__flow_hash: 44136fa355b3678a1146ad16f7e8649e94fb4fc21fe77e8310c060f61caaff8a
  f/cleanup_voices/delete_voice: 0adc46b8004da9ad5153a0783811e9819b5e91bcb5e3e3da6fa3a42cd858bede
  f/clone_voices/approve_clones: bb63451046f96df06e5d5679268718716525f1631c231dd56f85a6dde8f97932
  f/clone_voices/clone_character: 424a33368f37c455ba953bda125a66e8d47382b043ac885046d5bb4fe1af48f8
  f/clone_voices/clone_voices.flow+__flow_hash: 44136fa355b3678a1146ad16f7e8649e94fb4fc21fe77e8310c060f61caaff8a
  f/clone_voices/plan_voice_clones: dcbce93de0f56073c49fbfbf56a0c4f09f4dac2b70e3a2f539bf0697d9c2e054
  f/quest_voiceover/approve_generation: 8e4b9493da13863bb24c14a52d7d298e16172672824bc6dbcd9fec7c27370c8e
  f/quest_voiceover/expand_targets: f7492c544a4f1de150bbf79b7f869cd18067c39817a348a425271dbe4db0432c
  f/quest_voiceover/generate_line: 696c05cbd3279a1fcc6007ea9522a8ecf7666f5c15fe30ab7bb6cc2eb1c63e52
  f/quest_voiceover/lib: af98300be9e8f58dd7c00c829a57a7ff2c25b44ca155d0b3b32d92b09db40a32
  f/quest_voiceover/list_quests: 560ecc49d76f2690ac7a703907c90a74287850fd5ac3f2aebff300d94bfb5465
  f/quest_voiceover/load_transcript: ed6f7c2555baafc953b70ef7906ced37dfc477aaaa3d1acc87dc885abb26c315
  f/quest_voiceover/plan_generation: 2a3fa8d374c839fa67ea2bed9c7f336f02d96cab37fe0e6e80212e3801f8bfac
  f/quest_voiceover/quest_voiceover.flow+__flow_hash: 44136fa355b3678a1146ad16f7e8649e94fb4fc21fe77e8310c060f61caaff8a
  f/quest_voiceover/setup_voices: 257ac97d207078ee6e89754f8325b996820f92b063a0d87ad4df55cd269e1602
  f/quest_voiceover/write_database: 446516f2fb8adf58c4d0e495f41ae578f686c8a07ac6739b2824d1802e81252d
  f/regenerate_female_voices/generate_female_line: c0ad7be348d97d8850887cf7ab6a41f24094639d7feaf992ab61a040094677a7
  f/regenerate_female_voices/prepare_female_regen: dbf835adfa1acef019e0d552c9dd133d16c1cb45a78754207b003fb691f0a521
  f/regenerate_female_voices/regenerate_female_voices.flow+__flow_hash: 44136fa355b3678a1146ad16f7e8649e94fb4fc21fe77e8310c060f61caaff8a
  f/regenerate_female_voices/write_female_database: 117b1e4134c5031b55d296e120118232642d7a9930c5f3ea088ac30a6cd2ffd6
  f/tools/database: 45f144593834be49a4e5055d80c6a41dd8e6d1f32cc958db2e8ca03d6b4cd579
  f/tools/git: 1a33fb9354f6266567bfb229e72857d4f1fa5ca1ee807b056efa383b69386f5c
  f/tools/retry: b5bc925e75b7dda2372a6a72773573e4d54989709f0dea1b6e36aba5e7d1bcbd
  f/tools/samples: 92e30e2443db83218a9fa08a5eab4697f702b88a99e996c8c5f94053064a49f6
  f/tools/text: 33c03ec7b5adde9c1bd2a8622f7fcea9354b882e732a12cbbc503a948441e865
  f/tools/types: 5c812467181f3c18a0ac90f8873b8ce8e1b0b754ca0c4d38564609be64df6867
  f/tools/voice: 5b5e56d96ddd499d8cbb07c450b43d18ae90cf03ba4691928c3b3e85044c9f60
