version: v2
locks:
  f/quest_voiceover/expand_targets: ce7b0429b10662526ad05c124fd680ef8ae1e3193effbb6eb861a82169663dec
  f/quest_voiceover/generate_line: b0c99e5b2205bc646c807d144503962551fe9a2f1a1ee52ea725003b2cb01cfd
  f/quest_voiceover/lib: 22a95a07ac80e5212ae8f7e6176bc18b6b7ae7edb7d518a0a8f6693446fe0ce9
  f/quest_voiceover/quest_voiceover.flow+__flow_hash: 44136fa355b3678a1146ad16f7e8649e94fb4fc21fe77e8310c060f61caaff8a
  f/quest_voiceover/setup_voices: 3b062ee5a9b74ee89954f0cc2e9edcd92190c09bb42ed4246be59ef624446700
  f/quest_voiceover/write_database: bd1f17f5e924bf646d1740e9eb84a942da7d85bc839eb34e97824fbb1ed893c0
  f/regenerate_female_voices/generate_female_line: 29b0363feecea3edca995430823defe681887bd49797958190a8e082e9d857db
  f/regenerate_female_voices/prepare_female_regen: 375492150f92976ba9a7079b9cae5ebfe89d514ff8031285c7569e6a0225fa99
  f/regenerate_female_voices/regenerate_female_voices.flow+__flow_hash: 44136fa355b3678a1146ad16f7e8649e94fb4fc21fe77e8310c060f61caaff8a
  f/regenerate_female_voices/write_female_database: ee6df2d1501fb5e2080996ddae8cf388ed690d22defd4b6b7917f96505779b70
  f/tools/database: 820ea5a170e1caa98dbc248b51d2f225b06425fac597097d28336630eefffa8e
  f/tools/git: 20c275e96aba65b30ae1c5f44b060dd22c61cb3e966704296908daa4b0d52f96
  f/tools/retry: 1087b721b47e73072c8953e1820e99886e0aeeb76fca4d298052070d652017ff
  f/tools/text: d37b76f34258f861f421f4edfc71b4065f23d31ca6cf73030a6044484adac7fb
  f/tools/types: cc5c8d64524fdb168a1dee6c5f27bd67185776b7ade0ec3233181f02a0b3aa88
  f/tools/voice: 9f55b467c505f413bd5b2f979044158bbf59a784c7849b7153c3ab9ceacc7073
